
Microsoft Visual Studio Solution File, Format Version 12.00
# Visual Studio 15
VisualStudioVersion = 15.0.27703.2026
MinimumVisualStudioVersion = 10.0.40219.1
Project("{FAE04EC0-301F-11D3-BF4B-00C04F79EFBC}") = "Upload_WordScanner", "Upload_WordScanner\Upload_WordScanner.csproj", "{FEB0EE14-2B21-44A7-862B-FCCB8DC8B29A}"
EndProject
Project("{FAE04EC0-301F-11D3-BF4B-00C04F79EFBC}") = "XmlProject", "XmlProject\XmlProject.csproj", "{0E96F598-2F22-4E5C-A8ED-8CD08573EAE4}"
EndProject
Global
	GlobalSection(SolutionConfigurationPlatforms) = preSolution
		Debug|Any CPU = Debug|Any CPU
		Release|Any CPU = Release|Any CPU
	EndGlobalSection
	GlobalSection(ProjectConfigurationPlatforms) = postSolution
		{FEB0EE14-2B21-44A7-862B-FCCB8DC8B29A}.Debug|Any CPU.ActiveCfg = Debug|Any CPU
		{FEB0EE14-2B21-44A7-862B-FCCB8DC8B29A}.Debug|Any CPU.Build.0 = Debug|Any CPU
		{FEB0EE14-2B21-44A7-862B-FCCB8DC8B29A}.Release|Any CPU.ActiveCfg = Release|Any CPU
		{FEB0EE14-2B21-44A7-862B-FCCB8DC8B29A}.Release|Any CPU.Build.0 = Release|Any CPU
		{0E96F598-2F22-4E5C-A8ED-8CD08573EAE4}.Debug|Any CPU.ActiveCfg = Debug|Any CPU
		{0E96F598-2F22-4E5C-A8ED-8CD08573EAE4}.Debug|Any CPU.Build.0 = Debug|Any CPU
		{0E96F598-2F22-4E5C-A8ED-8CD08573EAE4}.Release|Any CPU.ActiveCfg = Release|Any CPU
		{0E96F598-2F22-4E5C-A8ED-8CD08573EAE4}.Release|Any CPU.Build.0 = Release|Any CPU
	EndGlobalSection
	GlobalSection(SolutionProperties) = preSolution
		HideSolutionNode = FALSE
	EndGlobalSection
	GlobalSection(ExtensibilityGlobals) = postSolution
		SolutionGuid = {A2E0203E-517E-4BC6-B1CE-C9F5BF9777AF}
	EndGlobalSection
EndGlobal
